
Microsoft Visual Studio Solution File, Format Version 12.00
# Visual Studio 15
VisualStudioVersion = 15.0.27428.2011
MinimumVisualStudioVersion = 10.0.40219.1
Project("{FAE04EC0-301F-11D3-BF4B-00C04F79EFBC}") = "modelos", "modelos\modelos.csproj", "{DC033AB0-C506-4E09-AA05-697D53519C7A}"
EndProject
Project("{FAE04EC0-301F-11D3-BF4B-00C04F79EFBC}") = "ConsoleView", "ConsoleView\ConsoleView.csproj", "{FC1C18A5-0FF2-473A-8B69-1CEB254E569A}"
EndProject
Project("{FAE04EC0-301F-11D3-BF4B-00C04F79EFBC}") = "controller", "ClassLibrary1\controller.csproj", "{B1E270E9-F739-4707-827D-CB8E4765470D}"
EndProject
Project("{FAE04EC0-301F-11D3-BF4B-00C04F79EFBC}") = "WpfView", "WpfApp1\WpfView.csproj", "{BED319DF-8FEC-4C64-BDEE-4AB15BA73B7D}"
EndProject
Global
	GlobalSection(SolutionConfigurationPlatforms) = preSolution
		Debug|Any CPU = Debug|Any CPU
		Release|Any CPU = Release|Any CPU
	EndGlobalSection
	GlobalSection(ProjectConfigurationPlatforms) = postSolution
		{DC033AB0-C506-4E09-AA05-697D53519C7A}.Debug|Any CPU.ActiveCfg = Debug|Any CPU
		{DC033AB0-C506-4E09-AA05-697D53519C7A}.Debug|Any CPU.Build.0 = Debug|Any CPU
		{DC033AB0-C506-4E09-AA05-697D53519C7A}.Release|Any CPU.ActiveCfg = Release|Any CPU
		{DC033AB0-C506-4E09-AA05-697D53519C7A}.Release|Any CPU.Build.0 = Release|Any CPU
		{FC1C18A5-0FF2-473A-8B69-1CEB254E569A}.Debug|Any CPU.ActiveCfg = Debug|Any CPU
		{FC1C18A5-0FF2-473A-8B69-1CEB254E569A}.Debug|Any CPU.Build.0 = Debug|Any CPU
		{FC1C18A5-0FF2-473A-8B69-1CEB254E569A}.Release|Any CPU.ActiveCfg = Release|Any CPU
		{FC1C18A5-0FF2-473A-8B69-1CEB254E569A}.Release|Any CPU.Build.0 = Release|Any CPU
		{B1E270E9-F739-4707-827D-CB8E4765470D}.Debug|Any CPU.ActiveCfg = Debug|Any CPU
		{B1E270E9-F739-4707-827D-CB8E4765470D}.Debug|Any CPU.Build.0 = Debug|Any CPU
		{B1E270E9-F739-4707-827D-CB8E4765470D}.Release|Any CPU.ActiveCfg = Release|Any CPU
		{B1E270E9-F739-4707-827D-CB8E4765470D}.Release|Any CPU.Build.0 = Release|Any CPU
		{BED319DF-8FEC-4C64-BDEE-4AB15BA73B7D}.Debug|Any CPU.ActiveCfg = Debug|Any CPU
		{BED319DF-8FEC-4C64-BDEE-4AB15BA73B7D}.Debug|Any CPU.Build.0 = Debug|Any CPU
		{BED319DF-8FEC-4C64-BDEE-4AB15BA73B7D}.Release|Any CPU.ActiveCfg = Release|Any CPU
		{BED319DF-8FEC-4C64-BDEE-4AB15BA73B7D}.Release|Any CPU.Build.0 = Release|Any CPU
	EndGlobalSection
	GlobalSection(SolutionProperties) = preSolution
		HideSolutionNode = FALSE
	EndGlobalSection
	GlobalSection(ExtensibilityGlobals) = postSolution
		SolutionGuid = {2950031F-BA68-4356-807D-487E1E8FDC58}
	EndGlobalSection
EndGlobal
